
Microsoft Visual Studio Solution File, Format Version 12.00
# Visual Studio 15
VisualStudioVersion = 15.0.27004.2009
MinimumVisualStudioVersion = 10.0.40219.1
Project("{FAE04EC0-301F-11D3-BF4B-00C04F79EFBC}") = "SaveDataReaderProto", "SaveDataReaderProto\SaveDataReaderProto.csproj", "{4AF004C0-CB33-4E3D-A26B-D4131BAFDEB1}"
EndProject
Project("{2150E333-8FDC-42A3-9474-1A3956D46DE8}") = "Docs", "Docs", "{9B2B74F2-5D31-4321-AA40-FE7C3352F487}"
	ProjectSection(SolutionItems) = preProject
		Docs\game-map.png = Docs\game-map.png
		Docs\Map Information.xlsx = Docs\Map Information.xlsx
		Docs\MSR-PKPRFL-UI-Paths.txt = Docs\MSR-PKPRFL-UI-Paths.txt
		Docs\Save Format.xlsx = Docs\Save Format.xlsx
	EndProjectSection
EndProject
Project("{FAE04EC0-301F-11D3-BF4B-00C04F79EFBC}") = "AMSRSE.BMSSV", "AMSRSE.BMSSV\AMSRSE.BMSSV.csproj", "{0A5E3DBD-DC86-414F-B209-7DB5A33FF61E}"
EndProject
Project("{FAE04EC0-301F-11D3-BF4B-00C04F79EFBC}") = "AMSRSE.Editor", "AMSRSE.Editor\AMSRSE.Editor.csproj", "{55C36E67-71E9-4922-9DC0-44C94590BB47}"
EndProject
Global
	GlobalSection(SolutionConfigurationPlatforms) = preSolution
		Debug|Any CPU = Debug|Any CPU
		Release|Any CPU = Release|Any CPU
	EndGlobalSection
	GlobalSection(ProjectConfigurationPlatforms) = postSolution
		{4AF004C0-CB33-4E3D-A26B-D4131BAFDEB1}.Debug|Any CPU.ActiveCfg = Debug|Any CPU
		{4AF004C0-CB33-4E3D-A26B-D4131BAFDEB1}.Debug|Any CPU.Build.0 = Debug|Any CPU
		{4AF004C0-CB33-4E3D-A26B-D4131BAFDEB1}.Release|Any CPU.ActiveCfg = Release|Any CPU
		{4AF004C0-CB33-4E3D-A26B-D4131BAFDEB1}.Release|Any CPU.Build.0 = Release|Any CPU
		{0A5E3DBD-DC86-414F-B209-7DB5A33FF61E}.Debug|Any CPU.ActiveCfg = Debug|Any CPU
		{0A5E3DBD-DC86-414F-B209-7DB5A33FF61E}.Debug|Any CPU.Build.0 = Debug|Any CPU
		{0A5E3DBD-DC86-414F-B209-7DB5A33FF61E}.Release|Any CPU.ActiveCfg = Release|Any CPU
		{0A5E3DBD-DC86-414F-B209-7DB5A33FF61E}.Release|Any CPU.Build.0 = Release|Any CPU
		{55C36E67-71E9-4922-9DC0-44C94590BB47}.Debug|Any CPU.ActiveCfg = Debug|Any CPU
		{55C36E67-71E9-4922-9DC0-44C94590BB47}.Debug|Any CPU.Build.0 = Debug|Any CPU
		{55C36E67-71E9-4922-9DC0-44C94590BB47}.Release|Any CPU.ActiveCfg = Release|Any CPU
		{55C36E67-71E9-4922-9DC0-44C94590BB47}.Release|Any CPU.Build.0 = Release|Any CPU
	EndGlobalSection
	GlobalSection(SolutionProperties) = preSolution
		HideSolutionNode = FALSE
	EndGlobalSection
	GlobalSection(ExtensibilityGlobals) = postSolution
		SolutionGuid = {69D38A60-C8AA-4E4E-A611-99DCB77AA895}
	EndGlobalSection
EndGlobal
